
Microsoft Visual Studio Solution File, Format Version 12.00
# Visual Studio Version 16
VisualStudioVersion = 16.0.31025.194
MinimumVisualStudioVersion = 10.0.40219.1
Project("{F184B08F-C81C-45F6-A57F-5ABD9991F28F}") = "StansGrocery", "StansGrocery.vbproj", "{C15BF3B7-7DDD-4692-AB2F-0A81894F5B2B}"
EndProject
Global
	GlobalSection(SolutionConfigurationPlatforms) = preSolution
		Debug|Any CPU = Debug|Any CPU
		Release|Any CPU = Release|Any CPU
	EndGlobalSection
	GlobalSection(ProjectConfigurationPlatforms) = postSolution
		{C15BF3B7-7DDD-4692-AB2F-0A81894F5B2B}.Debug|Any CPU.ActiveCfg = Debug|Any CPU
		{C15BF3B7-7DDD-4692-AB2F-0A81894F5B2B}.Debug|Any CPU.Build.0 = Debug|Any CPU
		{C15BF3B7-7DDD-4692-AB2F-0A81894F5B2B}.Release|Any CPU.ActiveCfg = Release|Any CPU
		{C15BF3B7-7DDD-4692-AB2F-0A81894F5B2B}.Release|Any CPU.Build.0 = Release|Any CPU
	EndGlobalSection
	GlobalSection(SolutionProperties) = preSolution
		HideSolutionNode = FALSE
	EndGlobalSection
	GlobalSection(ExtensibilityGlobals) = postSolution
		SolutionGuid = {4F81035F-B6C7-4632-A41D-2BBDD9C73A72}
	EndGlobalSection
EndGlobal
